
Microsoft Visual Studio Solution File, Format Version 12.00
# Visual Studio Version 17
VisualStudioVersion = 17.5.33424.131
MinimumVisualStudioVersion = 10.0.40219.1
Project("{FAE04EC0-301F-11D3-BF4B-00C04F79EFBC}") = "MasterOPC", "MasterOPC\MasterOPC.csproj", "{332E2ABA-B3CD-4023-B0D3-6663A86FD291}"
EndProject
Global
	GlobalSection(SolutionConfigurationPlatforms) = preSolution
		Debug|Any CPU = Debug|Any CPU
		Release|Any CPU = Release|Any CPU
	EndGlobalSection
	GlobalSection(ProjectConfigurationPlatforms) = postSolution
		{332E2ABA-B3CD-4023-B0D3-6663A86FD291}.Debug|Any CPU.ActiveCfg = Debug|Any CPU
		{332E2ABA-B3CD-4023-B0D3-6663A86FD291}.Debug|Any CPU.Build.0 = Debug|Any CPU
		{332E2ABA-B3CD-4023-B0D3-6663A86FD291}.Release|Any CPU.ActiveCfg = Release|Any CPU
		{332E2ABA-B3CD-4023-B0D3-6663A86FD291}.Release|Any CPU.Build.0 = Release|Any CPU
	EndGlobalSection
	GlobalSection(SolutionProperties) = preSolution
		HideSolutionNode = FALSE
	EndGlobalSection
	GlobalSection(ExtensibilityGlobals) = postSolution
		SolutionGuid = {BCE2A553-D83B-4FAA-AFFD-2077BC6BD249}
	EndGlobalSection
EndGlobal
